
Microsoft Visual Studio Solution File, Format Version 12.00
# Visual Studio Version 17
VisualStudioVersion = 17.8.34330.188
MinimumVisualStudioVersion = 10.0.40219.1
Project("{FAE04EC0-301F-11D3-BF4B-00C04F79EFBC}") = "Flights.Server", "Flights.Server\Flights.Server.csproj", "{D189A0E6-8A2F-46D7-BD0E-1F192BA65F12}"
EndProject
Project("{54A90642-561A-4BB1-A94E-469ADEE60C69}") = "flights.client", "flights.client\flights.client.esproj", "{972ABFC9-53C7-4719-AF2C-A95D70102369}"
EndProject
Global
	GlobalSection(SolutionConfigurationPlatforms) = preSolution
		Debug|Any CPU = Debug|Any CPU
		Release|Any CPU = Release|Any CPU
	EndGlobalSection
	GlobalSection(ProjectConfigurationPlatforms) = postSolution
		{D189A0E6-8A2F-46D7-BD0E-1F192BA65F12}.Debug|Any CPU.ActiveCfg = Debug|Any CPU
		{D189A0E6-8A2F-46D7-BD0E-1F192BA65F12}.Debug|Any CPU.Build.0 = Debug|Any CPU
		{D189A0E6-8A2F-46D7-BD0E-1F192BA65F12}.Release|Any CPU.ActiveCfg = Release|Any CPU
		{D189A0E6-8A2F-46D7-BD0E-1F192BA65F12}.Release|Any CPU.Build.0 = Release|Any CPU
		{972ABFC9-53C7-4719-AF2C-A95D70102369}.Debug|Any CPU.ActiveCfg = Debug|Any CPU
		{972ABFC9-53C7-4719-AF2C-A95D70102369}.Debug|Any CPU.Build.0 = Debug|Any CPU
		{972ABFC9-53C7-4719-AF2C-A95D70102369}.Debug|Any CPU.Deploy.0 = Debug|Any CPU
		{972ABFC9-53C7-4719-AF2C-A95D70102369}.Release|Any CPU.ActiveCfg = Release|Any CPU
		{972ABFC9-53C7-4719-AF2C-A95D70102369}.Release|Any CPU.Build.0 = Release|Any CPU
		{972ABFC9-53C7-4719-AF2C-A95D70102369}.Release|Any CPU.Deploy.0 = Release|Any CPU
	EndGlobalSection
	GlobalSection(SolutionProperties) = preSolution
		HideSolutionNode = FALSE
	EndGlobalSection
	GlobalSection(ExtensibilityGlobals) = postSolution
		SolutionGuid = {981AF5A0-4757-4A87-A0F6-8EE1723FD5B5}
	EndGlobalSection
EndGlobal
